// !$*UTF8*$!
{
	archiveVersion = 1;
	classes = {
	};
	objectVersion = 50;
	objects = {

/* Begin PBXBuildFile section */
		9F0A693E2335C536008CF3D4 /* zbytebuf.hpp in Headers */ = {isa = PBXBuildFile; fileRef = 9F0A693D2335C536008CF3D4 /* zbytebuf.hpp */; };
		9F3EE6E126C519CC0087282E /* catch.hpp in Sources */ = {isa = PBXBuildFile; fileRef = 9F3EE6D326C518710087282E /* catch.hpp */; };
		9F3EE6E226C519CC0087282E /* normal_test.cpp in Sources */ = {isa = PBXBuildFile; fileRef = 9F3EE6D426C518950087282E /* normal_test.cpp */; };
		9F3EE6E726C51A2C0087282E /* zbytebuf.hpp in Sources */ = {isa = PBXBuildFile; fileRef = 9F0A693D2335C536008CF3D4 /* zbytebuf.hpp */; };
		9F3EE6E926C51D7A0087282E /* mail.cpp in Sources */ = {isa = PBXBuildFile; fileRef = 9F3EE6E826C51D7A0087282E /* mail.cpp */; };
/* End PBXBuildFile section */

/* Begin PBXCopyFilesBuildPhase section */
		9F3EE6D826C519BC0087282E /* CopyFiles */ = {
			isa = PBXCopyFilesBuildPhase;
			buildActionMask = 2147483647;
			dstPath = /usr/share/man/man1/;
			dstSubfolderSpec = 0;
			files = (
			);
			runOnlyForDeploymentPostprocessing = 1;
		};
/* End PBXCopyFilesBuildPhase section */

/* Begin PBXFileReference section */
		9F0A693B2335C536008CF3D4 /* libzbytebuf.a */ = {isa = PBXFileReference; explicitFileType = archive.ar; includeInIndex = 0; path = libzbytebuf.a; sourceTree = BUILT_PRODUCTS_DIR; };
		9F0A693D2335C536008CF3D4 /* zbytebuf.hpp */ = {isa = PBXFileReference; lastKnownFileType = sourcecode.cpp.h; path = zbytebuf.hpp; sourceTree = "<group>"; };
		9F3EE6D326C518710087282E /* catch.hpp */ = {isa = PBXFileReference; fileEncoding = 4; lastKnownFileType = sourcecode.cpp.h; path = catch.hpp; sourceTree = "<group>"; };
		9F3EE6D426C518950087282E /* normal_test.cpp */ = {isa = PBXFileReference; lastKnownFileType = sourcecode.cpp.cpp; path = normal_test.cpp; sourceTree = "<group>"; };
		9F3EE6DA26C519BC0087282E /* normal_test */ = {isa = PBXFileReference; explicitFileType = "compiled.mach-o.executable"; includeInIndex = 0; path = normal_test; sourceTree = BUILT_PRODUCTS_DIR; };
		9F3EE6E826C51D7A0087282E /* mail.cpp */ = {isa = PBXFileReference; lastKnownFileType = sourcecode.cpp.cpp; path = mail.cpp; sourceTree = "<group>"; };
/* End PBXFileReference section */

/* Begin PBXFrameworksBuildPhase section */
		9F0A69392335C536008CF3D4 /* Frameworks */ = {
			isa = PBXFrameworksBuildPhase;
			buildActionMask = 2147483647;
			files = (
			);
			runOnlyForDeploymentPostprocessing = 0;
		};
		9F3EE6D726C519BC0087282E /* Frameworks */ = {
			isa = PBXFrameworksBuildPhase;
			buildActionMask = 2147483647;
			files = (
			);
			runOnlyForDeploymentPostprocessing = 0;
		};
/* End PBXFrameworksBuildPhase section */

/* Begin PBXGroup section */
		9F0A69162334A10D008CF3D4 = {
			isa = PBXGroup;
			children = (
				9F3EE6D226C518710087282E /* tests */,
				9F0A693C2335C536008CF3D4 /* zbytebuf */,
				9F0A69202334A10D008CF3D4 /* Products */,
				9F3EE6E326C519D00087282E /* Frameworks */,
			);
			sourceTree = "<group>";
		};
		9F0A69202334A10D008CF3D4 /* Products */ = {
			isa = PBXGroup;
			children = (
				9F0A693B2335C536008CF3D4 /* libzbytebuf.a */,
				9F3EE6DA26C519BC0087282E /* normal_test */,
			);
			name = Products;
			sourceTree = "<group>";
		};
		9F0A693C2335C536008CF3D4 /* zbytebuf */ = {
			isa = PBXGroup;
			children = (
				9F0A693D2335C536008CF3D4 /* zbytebuf.hpp */,
			);
			path = zbytebuf;
			sourceTree = "<group>";
		};
		9F3EE6D226C518710087282E /* tests */ = {
			isa = PBXGroup;
			children = (
				9F3EE6D326C518710087282E /* catch.hpp */,
				9F3EE6D426C518950087282E /* normal_test.cpp */,
				9F3EE6E826C51D7A0087282E /* mail.cpp */,
			);
			path = tests;
			sourceTree = "<group>";
		};
		9F3EE6E326C519D00087282E /* Frameworks */ = {
			isa = PBXGroup;
			children = (
			);
			name = Frameworks;
			sourceTree = "<group>";
		};
/* End PBXGroup section */

/* Begin PBXHeadersBuildPhase section */
		9F0A69372335C536008CF3D4 /* Headers */ = {
			isa = PBXHeadersBuildPhase;
			buildActionMask = 2147483647;
			files = (
				9F0A693E2335C536008CF3D4 /* zbytebuf.hpp in Headers */,
			);
			runOnlyForDeploymentPostprocessing = 0;
		};
/* End PBXHeadersBuildPhase section */

/* Begin PBXNativeTarget section */
		9F0A693A2335C536008CF3D4 /* zbytebuf */ = {
			isa = PBXNativeTarget;
			buildConfigurationList = 9F0A69432335C536008CF3D4 /* Build configuration list for PBXNativeTarget "zbytebuf" */;
			buildPhases = (
				9F0A69372335C536008CF3D4 /* Headers */,
				9F0A69382335C536008CF3D4 /* Sources */,
				9F0A69392335C536008CF3D4 /* Frameworks */,
			);
			buildRules = (
			);
			dependencies = (
			);
			name = zbytebuf;
			productName = zbytebuf;
			productReference = 9F0A693B2335C536008CF3D4 /* libzbytebuf.a */;
			productType = "com.apple.product-type.library.static";
		};
		9F3EE6D926C519BC0087282E /* normal_test */ = {
			isa = PBXNativeTarget;
			buildConfigurationList = 9F3EE6DE26C519BC0087282E /* Build configuration list for PBXNativeTarget "normal_test" */;
			buildPhases = (
				9F3EE6D626C519BC0087282E /* Sources */,
				9F3EE6D726C519BC0087282E /* Frameworks */,
				9F3EE6D826C519BC0087282E /* CopyFiles */,
			);
			buildRules = (
			);
			dependencies = (
			);
			name = normal_test;
			productName = normal_test;
			productReference = 9F3EE6DA26C519BC0087282E /* normal_test */;
			productType = "com.apple.product-type.tool";
		};
/* End PBXNativeTarget section */

/* Begin PBXProject section */
		9F0A69172334A10D008CF3D4 /* Project object */ = {
			isa = PBXProject;
			attributes = {
				LastUpgradeCheck = 1100;
				ORGANIZATIONNAME = zzstudio;
				TargetAttributes = {
					9F0A693A2335C536008CF3D4 = {
						CreatedOnToolsVersion = 11.0;
					};
					9F3EE6D926C519BC0087282E = {
						CreatedOnToolsVersion = 12.5.1;
					};
				};
			};
			buildConfigurationList = 9F0A691A2334A10D008CF3D4 /* Build configuration list for PBXProject "TestZByteBuf" */;
			compatibilityVersion = "Xcode 9.3";
			developmentRegion = en;
			hasScannedForEncodings = 0;
			knownRegions = (
				en,
				Base,
			);
			mainGroup = 9F0A69162334A10D008CF3D4;
			productRefGroup = 9F0A69202334A10D008CF3D4 /* Products */;
			projectDirPath = "";
			projectRoot = "";
			targets = (
				9F0A693A2335C536008CF3D4 /* zbytebuf */,
				9F3EE6D926C519BC0087282E /* normal_test */,
			);
		};
/* End PBXProject section */

/* Begin PBXSourcesBuildPhase section */
		9F0A69382335C536008CF3D4 /* Sources */ = {
			isa = PBXSourcesBuildPhase;
			buildActionMask = 2147483647;
			files = (
			);
			runOnlyForDeploymentPostprocessing = 0;
		};
		9F3EE6D626C519BC0087282E /* Sources */ = {
			isa = PBXSourcesBuildPhase;
			buildActionMask = 2147483647;
			files = (
				9F3EE6E926C51D7A0087282E /* mail.cpp in Sources */,
				9F3EE6E726C51A2C0087282E /* zbytebuf.hpp in Sources */,
				9F3EE6E126C519CC0087282E /* catch.hpp in Sources */,
				9F3EE6E226C519CC0087282E /* normal_test.cpp in Sources */,
			);
			runOnlyForDeploymentPostprocessing = 0;
		};
/* End PBXSourcesBuildPhase section */

/* Begin XCBuildConfiguration section */
		9F0A69242334A10D008CF3D4 /* Debug */ = {
			isa = XCBuildConfiguration;
			buildSettings = {
				ALWAYS_SEARCH_USER_PATHS = NO;
				CLANG_ANALYZER_NONNULL = YES;
				CLANG_ANALYZER_NUMBER_OBJECT_CONVERSION = YES_AGGRESSIVE;
				CLANG_CXX_LANGUAGE_STANDARD = "gnu++14";
				CLANG_CXX_LIBRARY = "libc++";
				CLANG_ENABLE_MODULES = YES;
				CLANG_ENABLE_OBJC_ARC = YES;
				CLANG_ENABLE_OBJC_WEAK = YES;
				CLANG_WARN_BLOCK_CAPTURE_AUTORELEASING = YES;
				CLANG_WARN_BOOL_CONVERSION = YES;
				CLANG_WARN_COMMA = YES;
				CLANG_WARN_CONSTANT_CONVERSION = YES;
				CLANG_WARN_DEPRECATED_OBJC_IMPLEMENTATIONS = YES;
				CLANG_WARN_DIRECT_OBJC_ISA_USAGE = YES_ERROR;
				CLANG_WARN_DOCUMENTATION_COMMENTS = YES;
				CLANG_WARN_EMPTY_BODY = YES;
				CLANG_WARN_ENUM_CONVERSION = YES;
				CLANG_WARN_INFINITE_RECURSION = YES;
				CLANG_WARN_INT_CONVERSION = YES;
				CLANG_WARN_NON_LITERAL_NULL_CONVERSION = YES;
				CLANG_WARN_OBJC_IMPLICIT_RETAIN_SELF = YES;
				CLANG_WARN_OBJC_LITERAL_CONVERSION = YES;
				CLANG_WARN_OBJC_ROOT_CLASS = YES_ERROR;
				CLANG_WARN_RANGE_LOOP_ANALYSIS = YES;
				CLANG_WARN_STRICT_PROTOTYPES = YES;
				CLANG_WARN_SUSPICIOUS_MOVE = YES;
				CLANG_WARN_UNGUARDED_AVAILABILITY = YES_AGGRESSIVE;
				CLANG_WARN_UNREACHABLE_CODE = YES;
				CLANG_WARN__DUPLICATE_METHOD_MATCH = YES;
				COPY_PHASE_STRIP = NO;
				DEBUG_INFORMATION_FORMAT = dwarf;
				ENABLE_STRICT_OBJC_MSGSEND = YES;
				ENABLE_TESTABILITY = YES;
				GCC_C_LANGUAGE_STANDARD = gnu11;
				GCC_DYNAMIC_NO_PIC = NO;
				GCC_NO_COMMON_BLOCKS = YES;
				GCC_OPTIMIZATION_LEVEL = 0;
				GCC_PREPROCESSOR_DEFINITIONS = (
					"DEBUG=1",
					"$(inherited)",
				);
				GCC_WARN_64_TO_32_BIT_CONVERSION = YES;
				GCC_WARN_ABOUT_RETURN_TYPE = YES_ERROR;
				GCC_WARN_UNDECLARED_SELECTOR = YES;
				GCC_WARN_UNINITIALIZED_AUTOS = YES_AGGRESSIVE;
				GCC_WARN_UNUSED_FUNCTION = YES;
				GCC_WARN_UNUSED_VARIABLE = YES;
				MACOSX_DEPLOYMENT_TARGET = 10.15;
				MTL_ENABLE_DEBUG_INFO = INCLUDE_SOURCE;
				MTL_FAST_MATH = YES;
				ONLY_ACTIVE_ARCH = YES;
				SDKROOT = macosx;
			};
			name = Debug;
		};
		9F0A69252334A10D008CF3D4 /* Release */ = {
			isa = XCBuildConfiguration;
			buildSettings = {
				ALWAYS_SEARCH_USER_PATHS = NO;
				CLANG_ANALYZER_NONNULL = YES;
				CLANG_ANALYZER_NUMBER_OBJECT_CONVERSION = YES_AGGRESSIVE;
				CLANG_CXX_LANGUAGE_STANDARD = "gnu++14";
				CLANG_CXX_LIBRARY = "libc++";
				CLANG_ENABLE_MODULES = YES;
				CLANG_ENABLE_OBJC_ARC = YES;
				CLANG_ENABLE_OBJC_WEAK = YES;
				CLANG_WARN_BLOCK_CAPTURE_AUTORELEASING = YES;
				CLANG_WARN_BOOL_CONVERSION = YES;
				CLANG_WARN_COMMA = YES;
				CLANG_WARN_CONSTANT_CONVERSION = YES;
				CLANG_WARN_DEPRECATED_OBJC_IMPLEMENTATIONS = YES;
				CLANG_WARN_DIRECT_OBJC_ISA_USAGE = YES_ERROR;
				CLANG_WARN_DOCUMENTATION_COMMENTS = YES;
				CLANG_WARN_EMPTY_BODY = YES;
				CLANG_WARN_ENUM_CONVERSION = YES;
				CLANG_WARN_INFINITE_RECURSION = YES;
				CLANG_WARN_INT_CONVERSION = YES;
				CLANG_WARN_NON_LITERAL_NULL_CONVERSION = YES;
				CLANG_WARN_OBJC_IMPLICIT_RETAIN_SELF = YES;
				CLANG_WARN_OBJC_LITERAL_CONVERSION = YES;
				CLANG_WARN_OBJC_ROOT_CLASS = YES_ERROR;
				CLANG_WARN_RANGE_LOOP_ANALYSIS = YES;
				CLANG_WARN_STRICT_PROTOTYPES = YES;
				CLANG_WARN_SUSPICIOUS_MOVE = YES;
				CLANG_WARN_UNGUARDED_AVAILABILITY = YES_AGGRESSIVE;
				CLANG_WARN_UNREACHABLE_CODE = YES;
				CLANG_WARN__DUPLICATE_METHOD_MATCH = YES;
				COPY_PHASE_STRIP = NO;
				DEBUG_INFORMATION_FORMAT = "dwarf-with-dsym";
				ENABLE_NS_ASSERTIONS = NO;
				ENABLE_STRICT_OBJC_MSGSEND = YES;
				GCC_C_LANGUAGE_STANDARD = gnu11;
				GCC_NO_COMMON_BLOCKS = YES;
				GCC_WARN_64_TO_32_BIT_CONVERSION = YES;
				GCC_WARN_ABOUT_RETURN_TYPE = YES_ERROR;
				GCC_WARN_UNDECLARED_SELECTOR = YES;
				GCC_WARN_UNINITIALIZED_AUTOS = YES_AGGRESSIVE;
				GCC_WARN_UNUSED_FUNCTION = YES;
				GCC_WARN_UNUSED_VARIABLE = YES;
				MACOSX_DEPLOYMENT_TARGET = 10.15;
				MTL_ENABLE_DEBUG_INFO = NO;
				MTL_FAST_MATH = YES;
				SDKROOT = macosx;
			};
			name = Release;
		};
		9F0A69442335C536008CF3D4 /* Debug */ = {
			isa = XCBuildConfiguration;
			buildSettings = {
				CLANG_CXX_LANGUAGE_STANDARD = "gnu++17";
				CODE_SIGN_STYLE = Automatic;
				DEVELOPMENT_TEAM = B2T9DL6Y5B;
				EXECUTABLE_PREFIX = lib;
				GCC_ENABLE_CPP_EXCEPTIONS = YES;
				GCC_ENABLE_CPP_RTTI = YES;
				PRODUCT_NAME = "$(TARGET_NAME)";
				SKIP_INSTALL = YES;
			};
			name = Debug;
		};
		9F0A69452335C536008CF3D4 /* Release */ = {
			isa = XCBuildConfiguration;
			buildSettings = {
				CLANG_CXX_LANGUAGE_STANDARD = "gnu++17";
				CODE_SIGN_STYLE = Automatic;
				DEVELOPMENT_TEAM = B2T9DL6Y5B;
				EXECUTABLE_PREFIX = lib;
				GCC_ENABLE_CPP_EXCEPTIONS = YES;
				GCC_ENABLE_CPP_RTTI = YES;
				PRODUCT_NAME = "$(TARGET_NAME)";
				SKIP_INSTALL = YES;
			};
			name = Release;
		};
		9F3EE6DF26C519BC0087282E /* Debug */ = {
			isa = XCBuildConfiguration;
			buildSettings = {
				CLANG_WARN_QUOTED_INCLUDE_IN_FRAMEWORK_HEADER = YES;
				CODE_SIGN_STYLE = Automatic;
				DEVELOPMENT_TEAM = J5BVFFC7P4;
				ENABLE_HARDENED_RUNTIME = YES;
				MACOSX_DEPLOYMENT_TARGET = 11.3;
				PRODUCT_NAME = "$(TARGET_NAME)";
			};
			name = Debug;
		};
		9F3EE6E026C519BC0087282E /* Release */ = {
			isa = XCBuildConfiguration;
			buildSettings = {
				CLANG_WARN_QUOTED_INCLUDE_IN_FRAMEWORK_HEADER = YES;
				CODE_SIGN_STYLE = Automatic;
				DEVELOPMENT_TEAM = J5BVFFC7P4;
				ENABLE_HARDENED_RUNTIME = YES;
				MACOSX_DEPLOYMENT_TARGET = 11.3;
				PRODUCT_NAME = "$(TARGET_NAME)";
			};
			name = Release;
		};
/* End XCBuildConfiguration section */

/* Begin XCConfigurationList section */
		9F0A691A2334A10D008CF3D4 /* Build configuration list for PBXProject "TestZByteBuf" */ = {
			isa = XCConfigurationList;
			buildConfigurations = (
				9F0A69242334A10D008CF3D4 /* Debug */,
				9F0A69252334A10D008CF3D4 /* Release */,
			);
			defaultConfigurationIsVisible = 0;
			defaultConfigurationName = Release;
		};
		9F0A69432335C536008CF3D4 /* Build configuration list for PBXNativeTarget "zbytebuf" */ = {
			isa = XCConfigurationList;
			buildConfigurations = (
				9F0A69442335C536008CF3D4 /* Debug */,
				9F0A69452335C536008CF3D4 /* Release */,
			);
			defaultConfigurationIsVisible = 0;
			defaultConfigurationName = Release;
		};
		9F3EE6DE26C519BC0087282E /* Build configuration list for PBXNativeTarget "normal_test" */ = {
			isa = XCConfigurationList;
			buildConfigurations = (
				9F3EE6DF26C519BC0087282E /* Debug */,
				9F3EE6E026C519BC0087282E /* Release */,
			);
			defaultConfigurationIsVisible = 0;
			defaultConfigurationName = Release;
		};
/* End XCConfigurationList section */
	};
	rootObject = 9F0A69172334A10D008CF3D4 /* Project object */;
}
